
Microsoft Visual Studio Solution File, Format Version 12.00
# Visual Studio 15
VisualStudioVersion = 15.0.28307.168
MinimumVisualStudioVersion = 10.0.40219.1
Project("{9A19103F-16F7-4668-BE54-9A1E7A4F7556}") = "InsertMassDataForSqlTuning", "InsertMassDataForSqlTuning\InsertMassDataForSqlTuning.csproj", "{03274C20-E1EA-41AD-BF13-74148F47A567}"
EndProject
Project("{00D1A9C2-B5F0-4AF3-8072-F6C62B433612}") = "DB", "Database1\DB.sqlproj", "{6406FEA5-27A2-4395-866A-CADC2EC05F3C}"
EndProject
Global
	GlobalSection(SolutionConfigurationPlatforms) = preSolution
		Debug|Any CPU = Debug|Any CPU
		Release|Any CPU = Release|Any CPU
	EndGlobalSection
	GlobalSection(ProjectConfigurationPlatforms) = postSolution
		{03274C20-E1EA-41AD-BF13-74148F47A567}.Debug|Any CPU.ActiveCfg = Debug|Any CPU
		{03274C20-E1EA-41AD-BF13-74148F47A567}.Debug|Any CPU.Build.0 = Debug|Any CPU
		{03274C20-E1EA-41AD-BF13-74148F47A567}.Release|Any CPU.ActiveCfg = Release|Any CPU
		{03274C20-E1EA-41AD-BF13-74148F47A567}.Release|Any CPU.Build.0 = Release|Any CPU
		{6406FEA5-27A2-4395-866A-CADC2EC05F3C}.Debug|Any CPU.ActiveCfg = Debug|Any CPU
		{6406FEA5-27A2-4395-866A-CADC2EC05F3C}.Debug|Any CPU.Build.0 = Debug|Any CPU
		{6406FEA5-27A2-4395-866A-CADC2EC05F3C}.Debug|Any CPU.Deploy.0 = Debug|Any CPU
		{6406FEA5-27A2-4395-866A-CADC2EC05F3C}.Release|Any CPU.ActiveCfg = Release|Any CPU
		{6406FEA5-27A2-4395-866A-CADC2EC05F3C}.Release|Any CPU.Build.0 = Release|Any CPU
		{6406FEA5-27A2-4395-866A-CADC2EC05F3C}.Release|Any CPU.Deploy.0 = Release|Any CPU
	EndGlobalSection
	GlobalSection(SolutionProperties) = preSolution
		HideSolutionNode = FALSE
	EndGlobalSection
	GlobalSection(ExtensibilityGlobals) = postSolution
		SolutionGuid = {8F3D6951-A941-4E29-AFE6-D9FB85AE29DB}
	EndGlobalSection
EndGlobal
